// !$*UTF8*$!
{
	archiveVersion = 1;
	classes = {
	};
	objectVersion = 56;
	objects = {

/* Begin PBXBuildFile section */
		35C4336629F3DACE0048D4E0 /* Tinkoff_Solution_Cup.docc in Sources */ = {isa = PBXBuildFile; fileRef = 35C4336529F3DACE0048D4E0 /* Tinkoff_Solution_Cup.docc */; };
		35C4336C29F3DACE0048D4E0 /* Tinkoff_Solution_Cup.framework in Frameworks */ = {isa = PBXBuildFile; fileRef = 35C4336129F3DACE0048D4E0 /* Tinkoff_Solution_Cup.framework */; };
		35C4337129F3DACE0048D4E0 /* Tinkoff_Solution_CupTests.swift in Sources */ = {isa = PBXBuildFile; fileRef = 35C4337029F3DACE0048D4E0 /* Tinkoff_Solution_CupTests.swift */; };
		35C4337229F3DACE0048D4E0 /* Tinkoff_Solution_Cup.h in Headers */ = {isa = PBXBuildFile; fileRef = 35C4336429F3DACE0048D4E0 /* Tinkoff_Solution_Cup.h */; settings = {ATTRIBUTES = (Public, ); }; };
		35C4337D29F3DC0C0048D4E0 /* View.swift in Sources */ = {isa = PBXBuildFile; fileRef = 35C4337C29F3DC0C0048D4E0 /* View.swift */; };
		35C4338029F3DCE40048D4E0 /* Label.swift in Sources */ = {isa = PBXBuildFile; fileRef = 35C4337F29F3DCE40048D4E0 /* Label.swift */; };
		35C4338629F3DEEF0048D4E0 /* Token.swift in Sources */ = {isa = PBXBuildFile; fileRef = 35C4338529F3DEEF0048D4E0 /* Token.swift */; };
		35C4338A29F3E2B40048D4E0 /* Image.swift in Sources */ = {isa = PBXBuildFile; fileRef = 35C4338929F3E2B40048D4E0 /* Image.swift */; };
		35C4338F29F3F1C80048D4E0 /* LabelWidget.swift in Sources */ = {isa = PBXBuildFile; fileRef = 35C4338E29F3F1C80048D4E0 /* LabelWidget.swift */; };
		35C4339229F3F3280048D4E0 /* labelItem.swift in Sources */ = {isa = PBXBuildFile; fileRef = 35C4339129F3F3280048D4E0 /* labelItem.swift */; };
		35C4339429F3F39F0048D4E0 /* UIFont+Extension.swift in Sources */ = {isa = PBXBuildFile; fileRef = 35C4339329F3F39F0048D4E0 /* UIFont+Extension.swift */; };
		35C4339729F3F40E0048D4E0 /* LabelTable.swift in Sources */ = {isa = PBXBuildFile; fileRef = 35C4339629F3F40E0048D4E0 /* LabelTable.swift */; };
		35C4339A29F3F4900048D4E0 /* LabelCollection.swift in Sources */ = {isa = PBXBuildFile; fileRef = 35C4339929F3F4900048D4E0 /* LabelCollection.swift */; };
		35C4339D29F3F5EA0048D4E0 /* Button.swift in Sources */ = {isa = PBXBuildFile; fileRef = 35C4339C29F3F5EA0048D4E0 /* Button.swift */; };
		35C4339F29F4034C0048D4E0 /* Widget.swift in Sources */ = {isa = PBXBuildFile; fileRef = 35C4339E29F4034C0048D4E0 /* Widget.swift */; };
/* End PBXBuildFile section */

/* Begin PBXContainerItemProxy section */
		35C4336D29F3DACE0048D4E0 /* PBXContainerItemProxy */ = {
			isa = PBXContainerItemProxy;
			containerPortal = 35C4335829F3DACE0048D4E0 /* Project object */;
			proxyType = 1;
			remoteGlobalIDString = 35C4336029F3DACE0048D4E0;
			remoteInfo = "Tinkoff Solution Cup";
		};
/* End PBXContainerItemProxy section */

/* Begin PBXFileReference section */
		35C4336129F3DACE0048D4E0 /* Tinkoff_Solution_Cup.framework */ = {isa = PBXFileReference; explicitFileType = wrapper.framework; includeInIndex = 0; path = Tinkoff_Solution_Cup.framework; sourceTree = BUILT_PRODUCTS_DIR; };
		35C4336429F3DACE0048D4E0 /* Tinkoff_Solution_Cup.h */ = {isa = PBXFileReference; lastKnownFileType = sourcecode.c.h; path = Tinkoff_Solution_Cup.h; sourceTree = "<group>"; };
		35C4336529F3DACE0048D4E0 /* Tinkoff_Solution_Cup.docc */ = {isa = PBXFileReference; lastKnownFileType = folder.documentationcatalog; path = Tinkoff_Solution_Cup.docc; sourceTree = "<group>"; };
		35C4336B29F3DACE0048D4E0 /* Tinkoff Solution CupTests.xctest */ = {isa = PBXFileReference; explicitFileType = wrapper.cfbundle; includeInIndex = 0; path = "Tinkoff Solution CupTests.xctest"; sourceTree = BUILT_PRODUCTS_DIR; };
		35C4337029F3DACE0048D4E0 /* Tinkoff_Solution_CupTests.swift */ = {isa = PBXFileReference; lastKnownFileType = sourcecode.swift; path = Tinkoff_Solution_CupTests.swift; sourceTree = "<group>"; };
		35C4337C29F3DC0C0048D4E0 /* View.swift */ = {isa = PBXFileReference; lastKnownFileType = sourcecode.swift; path = View.swift; sourceTree = "<group>"; };
		35C4337F29F3DCE40048D4E0 /* Label.swift */ = {isa = PBXFileReference; lastKnownFileType = sourcecode.swift; path = Label.swift; sourceTree = "<group>"; };
		35C4338529F3DEEF0048D4E0 /* Token.swift */ = {isa = PBXFileReference; lastKnownFileType = sourcecode.swift; path = Token.swift; sourceTree = "<group>"; };
		35C4338929F3E2B40048D4E0 /* Image.swift */ = {isa = PBXFileReference; lastKnownFileType = sourcecode.swift; path = Image.swift; sourceTree = "<group>"; };
		35C4338E29F3F1C80048D4E0 /* LabelWidget.swift */ = {isa = PBXFileReference; lastKnownFileType = sourcecode.swift; path = LabelWidget.swift; sourceTree = "<group>"; };
		35C4339129F3F3280048D4E0 /* labelItem.swift */ = {isa = PBXFileReference; lastKnownFileType = sourcecode.swift; path = labelItem.swift; sourceTree = "<group>"; };
		35C4339329F3F39F0048D4E0 /* UIFont+Extension.swift */ = {isa = PBXFileReference; lastKnownFileType = sourcecode.swift; path = "UIFont+Extension.swift"; sourceTree = "<group>"; };
		35C4339629F3F40E0048D4E0 /* LabelTable.swift */ = {isa = PBXFileReference; lastKnownFileType = sourcecode.swift; path = LabelTable.swift; sourceTree = "<group>"; };
		35C4339929F3F4900048D4E0 /* LabelCollection.swift */ = {isa = PBXFileReference; lastKnownFileType = sourcecode.swift; path = LabelCollection.swift; sourceTree = "<group>"; };
		35C4339C29F3F5EA0048D4E0 /* Button.swift */ = {isa = PBXFileReference; lastKnownFileType = sourcecode.swift; path = Button.swift; sourceTree = "<group>"; };
		35C4339E29F4034C0048D4E0 /* Widget.swift */ = {isa = PBXFileReference; lastKnownFileType = sourcecode.swift; path = Widget.swift; sourceTree = "<group>"; };
/* End PBXFileReference section */

/* Begin PBXFrameworksBuildPhase section */
		35C4335E29F3DACE0048D4E0 /* Frameworks */ = {
			isa = PBXFrameworksBuildPhase;
			buildActionMask = 2147483647;
			files = (
			);
			runOnlyForDeploymentPostprocessing = 0;
		};
		35C4336829F3DACE0048D4E0 /* Frameworks */ = {
			isa = PBXFrameworksBuildPhase;
			buildActionMask = 2147483647;
			files = (
				35C4336C29F3DACE0048D4E0 /* Tinkoff_Solution_Cup.framework in Frameworks */,
			);
			runOnlyForDeploymentPostprocessing = 0;
		};
/* End PBXFrameworksBuildPhase section */

/* Begin PBXGroup section */
		35C4335729F3DACE0048D4E0 = {
			isa = PBXGroup;
			children = (
				35C4336329F3DACE0048D4E0 /* Tinkoff Solution Cup */,
				35C4336F29F3DACE0048D4E0 /* Tinkoff Solution CupTests */,
				35C4336229F3DACE0048D4E0 /* Products */,
			);
			sourceTree = "<group>";
		};
		35C4336229F3DACE0048D4E0 /* Products */ = {
			isa = PBXGroup;
			children = (
				35C4336129F3DACE0048D4E0 /* Tinkoff_Solution_Cup.framework */,
				35C4336B29F3DACE0048D4E0 /* Tinkoff Solution CupTests.xctest */,
			);
			name = Products;
			sourceTree = "<group>";
		};
		35C4336329F3DACE0048D4E0 /* Tinkoff Solution Cup */ = {
			isa = PBXGroup;
			children = (
				35C4339B29F3F5D30048D4E0 /* Button */,
				35C4339829F3F46F0048D4E0 /* LabelCollection */,
				35C4339529F3F3FE0048D4E0 /* Table */,
				35C4339029F3F3170048D4E0 /* Item */,
				35C4338B29F3E9E10048D4E0 /* Image */,
				35C4338429F3DEAB0048D4E0 /* Color */,
				35C4338129F3DDDE0048D4E0 /* Widget */,
				35C4337E29F3DCD50048D4E0 /* Label */,
				35C4337B29F3DC010048D4E0 /* View */,
				35C4336429F3DACE0048D4E0 /* Tinkoff_Solution_Cup.h */,
				35C4336529F3DACE0048D4E0 /* Tinkoff_Solution_Cup.docc */,
				35C4339329F3F39F0048D4E0 /* UIFont+Extension.swift */,
			);
			path = "Tinkoff Solution Cup";
			sourceTree = "<group>";
		};
		35C4336F29F3DACE0048D4E0 /* Tinkoff Solution CupTests */ = {
			isa = PBXGroup;
			children = (
				35C4337029F3DACE0048D4E0 /* Tinkoff_Solution_CupTests.swift */,
			);
			path = "Tinkoff Solution CupTests";
			sourceTree = "<group>";
		};
		35C4337B29F3DC010048D4E0 /* View */ = {
			isa = PBXGroup;
			children = (
				35C4337C29F3DC0C0048D4E0 /* View.swift */,
			);
			path = View;
			sourceTree = "<group>";
		};
		35C4337E29F3DCD50048D4E0 /* Label */ = {
			isa = PBXGroup;
			children = (
				35C4337F29F3DCE40048D4E0 /* Label.swift */,
			);
			path = Label;
			sourceTree = "<group>";
		};
		35C4338129F3DDDE0048D4E0 /* Widget */ = {
			isa = PBXGroup;
			children = (
				35C4338E29F3F1C80048D4E0 /* LabelWidget.swift */,
				35C4339E29F4034C0048D4E0 /* Widget.swift */,
			);
			path = Widget;
			sourceTree = "<group>";
		};
		35C4338429F3DEAB0048D4E0 /* Color */ = {
			isa = PBXGroup;
			children = (
				35C4338529F3DEEF0048D4E0 /* Token.swift */,
			);
			path = Color;
			sourceTree = "<group>";
		};
		35C4338B29F3E9E10048D4E0 /* Image */ = {
			isa = PBXGroup;
			children = (
				35C4338929F3E2B40048D4E0 /* Image.swift */,
			);
			path = Image;
			sourceTree = "<group>";
		};
		35C4339029F3F3170048D4E0 /* Item */ = {
			isa = PBXGroup;
			children = (
				35C4339129F3F3280048D4E0 /* labelItem.swift */,
			);
			path = Item;
			sourceTree = "<group>";
		};
		35C4339529F3F3FE0048D4E0 /* Table */ = {
			isa = PBXGroup;
			children = (
				35C4339629F3F40E0048D4E0 /* LabelTable.swift */,
			);
			path = Table;
			sourceTree = "<group>";
		};
		35C4339829F3F46F0048D4E0 /* LabelCollection */ = {
			isa = PBXGroup;
			children = (
				35C4339929F3F4900048D4E0 /* LabelCollection.swift */,
			);
			path = LabelCollection;
			sourceTree = "<group>";
		};
		35C4339B29F3F5D30048D4E0 /* Button */ = {
			isa = PBXGroup;
			children = (
				35C4339C29F3F5EA0048D4E0 /* Button.swift */,
			);
			path = Button;
			sourceTree = "<group>";
		};
/* End PBXGroup section */

/* Begin PBXHeadersBuildPhase section */
		35C4335C29F3DACE0048D4E0 /* Headers */ = {
			isa = PBXHeadersBuildPhase;
			buildActionMask = 2147483647;
			files = (
				35C4337229F3DACE0048D4E0 /* Tinkoff_Solution_Cup.h in Headers */,
			);
			runOnlyForDeploymentPostprocessing = 0;
		};
/* End PBXHeadersBuildPhase section */

/* Begin PBXNativeTarget section */
		35C4336029F3DACE0048D4E0 /* Tinkoff Solution Cup */ = {
			isa = PBXNativeTarget;
			buildConfigurationList = 35C4337529F3DACE0048D4E0 /* Build configuration list for PBXNativeTarget "Tinkoff Solution Cup" */;
			buildPhases = (
				35C4335C29F3DACE0048D4E0 /* Headers */,
				35C4335D29F3DACE0048D4E0 /* Sources */,
				35C4335E29F3DACE0048D4E0 /* Frameworks */,
				35C4335F29F3DACE0048D4E0 /* Resources */,
			);
			buildRules = (
			);
			dependencies = (
			);
			name = "Tinkoff Solution Cup";
			productName = "Tinkoff Solution Cup";
			productReference = 35C4336129F3DACE0048D4E0 /* Tinkoff_Solution_Cup.framework */;
			productType = "com.apple.product-type.framework";
		};
		35C4336A29F3DACE0048D4E0 /* Tinkoff Solution CupTests */ = {
			isa = PBXNativeTarget;
			buildConfigurationList = 35C4337829F3DACE0048D4E0 /* Build configuration list for PBXNativeTarget "Tinkoff Solution CupTests" */;
			buildPhases = (
				35C4336729F3DACE0048D4E0 /* Sources */,
				35C4336829F3DACE0048D4E0 /* Frameworks */,
				35C4336929F3DACE0048D4E0 /* Resources */,
			);
			buildRules = (
			);
			dependencies = (
				35C4336E29F3DACE0048D4E0 /* PBXTargetDependency */,
			);
			name = "Tinkoff Solution CupTests";
			productName = "Tinkoff Solution CupTests";
			productReference = 35C4336B29F3DACE0048D4E0 /* Tinkoff Solution CupTests.xctest */;
			productType = "com.apple.product-type.bundle.unit-test";
		};
/* End PBXNativeTarget section */

/* Begin PBXProject section */
		35C4335829F3DACE0048D4E0 /* Project object */ = {
			isa = PBXProject;
			attributes = {
				BuildIndependentTargetsInParallel = 1;
				LastSwiftUpdateCheck = 1400;
				LastUpgradeCheck = 1400;
				TargetAttributes = {
					35C4336029F3DACE0048D4E0 = {
						CreatedOnToolsVersion = 14.0;
					};
					35C4336A29F3DACE0048D4E0 = {
						CreatedOnToolsVersion = 14.0;
					};
				};
			};
			buildConfigurationList = 35C4335B29F3DACE0048D4E0 /* Build configuration list for PBXProject "Tinkoff Solution Cup" */;
			compatibilityVersion = "Xcode 14.0";
			developmentRegion = en;
			hasScannedForEncodings = 0;
			knownRegions = (
				en,
				Base,
			);
			mainGroup = 35C4335729F3DACE0048D4E0;
			productRefGroup = 35C4336229F3DACE0048D4E0 /* Products */;
			projectDirPath = "";
			projectRoot = "";
			targets = (
				35C4336029F3DACE0048D4E0 /* Tinkoff Solution Cup */,
				35C4336A29F3DACE0048D4E0 /* Tinkoff Solution CupTests */,
			);
		};
/* End PBXProject section */

/* Begin PBXResourcesBuildPhase section */
		35C4335F29F3DACE0048D4E0 /* Resources */ = {
			isa = PBXResourcesBuildPhase;
			buildActionMask = 2147483647;
			files = (
			);
			runOnlyForDeploymentPostprocessing = 0;
		};
		35C4336929F3DACE0048D4E0 /* Resources */ = {
			isa = PBXResourcesBuildPhase;
			buildActionMask = 2147483647;
			files = (
			);
			runOnlyForDeploymentPostprocessing = 0;
		};
/* End PBXResourcesBuildPhase section */

/* Begin PBXSourcesBuildPhase section */
		35C4335D29F3DACE0048D4E0 /* Sources */ = {
			isa = PBXSourcesBuildPhase;
			buildActionMask = 2147483647;
			files = (
				35C4339729F3F40E0048D4E0 /* LabelTable.swift in Sources */,
				35C4339229F3F3280048D4E0 /* labelItem.swift in Sources */,
				35C4338A29F3E2B40048D4E0 /* Image.swift in Sources */,
				35C4338F29F3F1C80048D4E0 /* LabelWidget.swift in Sources */,
				35C4337D29F3DC0C0048D4E0 /* View.swift in Sources */,
				35C4339A29F3F4900048D4E0 /* LabelCollection.swift in Sources */,
				35C4339D29F3F5EA0048D4E0 /* Button.swift in Sources */,
				35C4336629F3DACE0048D4E0 /* Tinkoff_Solution_Cup.docc in Sources */,
				35C4339429F3F39F0048D4E0 /* UIFont+Extension.swift in Sources */,
				35C4338629F3DEEF0048D4E0 /* Token.swift in Sources */,
				35C4338029F3DCE40048D4E0 /* Label.swift in Sources */,
				35C4339F29F4034C0048D4E0 /* Widget.swift in Sources */,
			);
			runOnlyForDeploymentPostprocessing = 0;
		};
		35C4336729F3DACE0048D4E0 /* Sources */ = {
			isa = PBXSourcesBuildPhase;
			buildActionMask = 2147483647;
			files = (
				35C4337129F3DACE0048D4E0 /* Tinkoff_Solution_CupTests.swift in Sources */,
			);
			runOnlyForDeploymentPostprocessing = 0;
		};
/* End PBXSourcesBuildPhase section */

/* Begin PBXTargetDependency section */
		35C4336E29F3DACE0048D4E0 /* PBXTargetDependency */ = {
			isa = PBXTargetDependency;
			target = 35C4336029F3DACE0048D4E0 /* Tinkoff Solution Cup */;
			targetProxy = 35C4336D29F3DACE0048D4E0 /* PBXContainerItemProxy */;
		};
/* End PBXTargetDependency section */

/* Begin XCBuildConfiguration section */
		35C4337329F3DACE0048D4E0 /* Debug */ = {
			isa = XCBuildConfiguration;
			buildSettings = {
				ALWAYS_SEARCH_USER_PATHS = NO;
				CLANG_ANALYZER_NONNULL = YES;
				CLANG_ANALYZER_NUMBER_OBJECT_CONVERSION = YES_AGGRESSIVE;
				CLANG_CXX_LANGUAGE_STANDARD = "gnu++20";
				CLANG_ENABLE_MODULES = YES;
				CLANG_ENABLE_OBJC_ARC = YES;
				CLANG_ENABLE_OBJC_WEAK = YES;
				CLANG_WARN_BLOCK_CAPTURE_AUTORELEASING = YES;
				CLANG_WARN_BOOL_CONVERSION = YES;
				CLANG_WARN_COMMA = YES;
				CLANG_WARN_CONSTANT_CONVERSION = YES;
				CLANG_WARN_DEPRECATED_OBJC_IMPLEMENTATIONS = YES;
				CLANG_WARN_DIRECT_OBJC_ISA_USAGE = YES_ERROR;
				CLANG_WARN_DOCUMENTATION_COMMENTS = YES;
				CLANG_WARN_EMPTY_BODY = YES;
				CLANG_WARN_ENUM_CONVERSION = YES;
				CLANG_WARN_INFINITE_RECURSION = YES;
				CLANG_WARN_INT_CONVERSION = YES;
				CLANG_WARN_NON_LITERAL_NULL_CONVERSION = YES;
				CLANG_WARN_OBJC_IMPLICIT_RETAIN_SELF = YES;
				CLANG_WARN_OBJC_LITERAL_CONVERSION = YES;
				CLANG_WARN_OBJC_ROOT_CLASS = YES_ERROR;
				CLANG_WARN_QUOTED_INCLUDE_IN_FRAMEWORK_HEADER = YES;
				CLANG_WARN_RANGE_LOOP_ANALYSIS = YES;
				CLANG_WARN_STRICT_PROTOTYPES = YES;
				CLANG_WARN_SUSPICIOUS_MOVE = YES;
				CLANG_WARN_UNGUARDED_AVAILABILITY = YES_AGGRESSIVE;
				CLANG_WARN_UNREACHABLE_CODE = YES;
				CLANG_WARN__DUPLICATE_METHOD_MATCH = YES;
				COPY_PHASE_STRIP = NO;
				CURRENT_PROJECT_VERSION = 1;
				DEBUG_INFORMATION_FORMAT = dwarf;
				ENABLE_STRICT_OBJC_MSGSEND = YES;
				ENABLE_TESTABILITY = YES;
				GCC_C_LANGUAGE_STANDARD = gnu11;
				GCC_DYNAMIC_NO_PIC = NO;
				GCC_NO_COMMON_BLOCKS = YES;
				GCC_OPTIMIZATION_LEVEL = 0;
				GCC_PREPROCESSOR_DEFINITIONS = (
					"DEBUG=1",
					"$(inherited)",
				);
				GCC_WARN_64_TO_32_BIT_CONVERSION = YES;
				GCC_WARN_ABOUT_RETURN_TYPE = YES_ERROR;
				GCC_WARN_UNDECLARED_SELECTOR = YES;
				GCC_WARN_UNINITIALIZED_AUTOS = YES_AGGRESSIVE;
				GCC_WARN_UNUSED_FUNCTION = YES;
				GCC_WARN_UNUSED_VARIABLE = YES;
				IPHONEOS_DEPLOYMENT_TARGET = 16.0;
				MTL_ENABLE_DEBUG_INFO = INCLUDE_SOURCE;
				MTL_FAST_MATH = YES;
				ONLY_ACTIVE_ARCH = YES;
				SDKROOT = iphoneos;
				SWIFT_ACTIVE_COMPILATION_CONDITIONS = DEBUG;
				SWIFT_OPTIMIZATION_LEVEL = "-Onone";
				VERSIONING_SYSTEM = "apple-generic";
				VERSION_INFO_PREFIX = "";
			};
			name = Debug;
		};
		35C4337429F3DACE0048D4E0 /* Release */ = {
			isa = XCBuildConfiguration;
			buildSettings = {
				ALWAYS_SEARCH_USER_PATHS = NO;
				CLANG_ANALYZER_NONNULL = YES;
				CLANG_ANALYZER_NUMBER_OBJECT_CONVERSION = YES_AGGRESSIVE;
				CLANG_CXX_LANGUAGE_STANDARD = "gnu++20";
				CLANG_ENABLE_MODULES = YES;
				CLANG_ENABLE_OBJC_ARC = YES;
				CLANG_ENABLE_OBJC_WEAK = YES;
				CLANG_WARN_BLOCK_CAPTURE_AUTORELEASING = YES;
				CLANG_WARN_BOOL_CONVERSION = YES;
				CLANG_WARN_COMMA = YES;
				CLANG_WARN_CONSTANT_CONVERSION = YES;
				CLANG_WARN_DEPRECATED_OBJC_IMPLEMENTATIONS = YES;
				CLANG_WARN_DIRECT_OBJC_ISA_USAGE = YES_ERROR;
				CLANG_WARN_DOCUMENTATION_COMMENTS = YES;
				CLANG_WARN_EMPTY_BODY = YES;
				CLANG_WARN_ENUM_CONVERSION = YES;
				CLANG_WARN_INFINITE_RECURSION = YES;
				CLANG_WARN_INT_CONVERSION = YES;
				CLANG_WARN_NON_LITERAL_NULL_CONVERSION = YES;
				CLANG_WARN_OBJC_IMPLICIT_RETAIN_SELF = YES;
				CLANG_WARN_OBJC_LITERAL_CONVERSION = YES;
				CLANG_WARN_OBJC_ROOT_CLASS = YES_ERROR;
				CLANG_WARN_QUOTED_INCLUDE_IN_FRAMEWORK_HEADER = YES;
				CLANG_WARN_RANGE_LOOP_ANALYSIS = YES;
				CLANG_WARN_STRICT_PROTOTYPES = YES;
				CLANG_WARN_SUSPICIOUS_MOVE = YES;
				CLANG_WARN_UNGUARDED_AVAILABILITY = YES_AGGRESSIVE;
				CLANG_WARN_UNREACHABLE_CODE = YES;
				CLANG_WARN__DUPLICATE_METHOD_MATCH = YES;
				COPY_PHASE_STRIP = NO;
				CURRENT_PROJECT_VERSION = 1;
				DEBUG_INFORMATION_FORMAT = "dwarf-with-dsym";
				ENABLE_NS_ASSERTIONS = NO;
				ENABLE_STRICT_OBJC_MSGSEND = YES;
				GCC_C_LANGUAGE_STANDARD = gnu11;
				GCC_NO_COMMON_BLOCKS = YES;
				GCC_WARN_64_TO_32_BIT_CONVERSION = YES;
				GCC_WARN_ABOUT_RETURN_TYPE = YES_ERROR;
				GCC_WARN_UNDECLARED_SELECTOR = YES;
				GCC_WARN_UNINITIALIZED_AUTOS = YES_AGGRESSIVE;
				GCC_WARN_UNUSED_FUNCTION = YES;
				GCC_WARN_UNUSED_VARIABLE = YES;
				IPHONEOS_DEPLOYMENT_TARGET = 16.0;
				MTL_ENABLE_DEBUG_INFO = NO;
				MTL_FAST_MATH = YES;
				SDKROOT = iphoneos;
				SWIFT_COMPILATION_MODE = wholemodule;
				SWIFT_OPTIMIZATION_LEVEL = "-O";
				VALIDATE_PRODUCT = YES;
				VERSIONING_SYSTEM = "apple-generic";
				VERSION_INFO_PREFIX = "";
			};
			name = Release;
		};
		35C4337629F3DACE0048D4E0 /* Debug */ = {
			isa = XCBuildConfiguration;
			buildSettings = {
				CODE_SIGN_STYLE = Automatic;
				CURRENT_PROJECT_VERSION = 1;
				DEFINES_MODULE = YES;
				DEVELOPMENT_TEAM = QZA5Q28CH8;
				DYLIB_COMPATIBILITY_VERSION = 1;
				DYLIB_CURRENT_VERSION = 1;
				DYLIB_INSTALL_NAME_BASE = "@rpath";
				GENERATE_INFOPLIST_FILE = YES;
				INFOPLIST_KEY_NSHumanReadableCopyright = "";
				INSTALL_PATH = "$(LOCAL_LIBRARY_DIR)/Frameworks";
				LD_RUNPATH_SEARCH_PATHS = (
					"$(inherited)",
					"@executable_path/Frameworks",
					"@loader_path/Frameworks",
				);
				MARKETING_VERSION = 1.0;
				PRODUCT_BUNDLE_IDENTIFIER = "Tinkoff.Solution.Cup.Vyacheslav.Tinkoff-Solution-Cup";
				PRODUCT_NAME = "$(TARGET_NAME:c99extidentifier)";
				SKIP_INSTALL = YES;
				SWIFT_EMIT_LOC_STRINGS = YES;
				SWIFT_VERSION = 5.0;
				TARGETED_DEVICE_FAMILY = "1,2";
			};
			name = Debug;
		};
		35C4337729F3DACE0048D4E0 /* Release */ = {
			isa = XCBuildConfiguration;
			buildSettings = {
				CODE_SIGN_STYLE = Automatic;
				CURRENT_PROJECT_VERSION = 1;
				DEFINES_MODULE = YES;
				DEVELOPMENT_TEAM = QZA5Q28CH8;
				DYLIB_COMPATIBILITY_VERSION = 1;
				DYLIB_CURRENT_VERSION = 1;
				DYLIB_INSTALL_NAME_BASE = "@rpath";
				GENERATE_INFOPLIST_FILE = YES;
				INFOPLIST_KEY_NSHumanReadableCopyright = "";
				INSTALL_PATH = "$(LOCAL_LIBRARY_DIR)/Frameworks";
				LD_RUNPATH_SEARCH_PATHS = (
					"$(inherited)",
					"@executable_path/Frameworks",
					"@loader_path/Frameworks",
				);
				MARKETING_VERSION = 1.0;
				PRODUCT_BUNDLE_IDENTIFIER = "Tinkoff.Solution.Cup.Vyacheslav.Tinkoff-Solution-Cup";
				PRODUCT_NAME = "$(TARGET_NAME:c99extidentifier)";
				SKIP_INSTALL = YES;
				SWIFT_EMIT_LOC_STRINGS = YES;
				SWIFT_VERSION = 5.0;
				TARGETED_DEVICE_FAMILY = "1,2";
			};
			name = Release;
		};
		35C4337929F3DACE0048D4E0 /* Debug */ = {
			isa = XCBuildConfiguration;
			buildSettings = {
				ALWAYS_EMBED_SWIFT_STANDARD_LIBRARIES = YES;
				CODE_SIGN_STYLE = Automatic;
				CURRENT_PROJECT_VERSION = 1;
				DEVELOPMENT_TEAM = QZA5Q28CH8;
				GENERATE_INFOPLIST_FILE = YES;
				MARKETING_VERSION = 1.0;
				PRODUCT_BUNDLE_IDENTIFIER = "Tinkoff.Solution.Cup.Vyacheslav.Tinkoff-Solution-CupTests";
				PRODUCT_NAME = "$(TARGET_NAME)";
				SWIFT_EMIT_LOC_STRINGS = NO;
				SWIFT_VERSION = 5.0;
				TARGETED_DEVICE_FAMILY = "1,2";
			};
			name = Debug;
		};
		35C4337A29F3DACE0048D4E0 /* Release */ = {
			isa = XCBuildConfiguration;
			buildSettings = {
				ALWAYS_EMBED_SWIFT_STANDARD_LIBRARIES = YES;
				CODE_SIGN_STYLE = Automatic;
				CURRENT_PROJECT_VERSION = 1;
				DEVELOPMENT_TEAM = QZA5Q28CH8;
				GENERATE_INFOPLIST_FILE = YES;
				MARKETING_VERSION = 1.0;
				PRODUCT_BUNDLE_IDENTIFIER = "Tinkoff.Solution.Cup.Vyacheslav.Tinkoff-Solution-CupTests";
				PRODUCT_NAME = "$(TARGET_NAME)";
				SWIFT_EMIT_LOC_STRINGS = NO;
				SWIFT_VERSION = 5.0;
				TARGETED_DEVICE_FAMILY = "1,2";
			};
			name = Release;
		};
/* End XCBuildConfiguration section */

/* Begin XCConfigurationList section */
		35C4335B29F3DACE0048D4E0 /* Build configuration list for PBXProject "Tinkoff Solution Cup" */ = {
			isa = XCConfigurationList;
			buildConfigurations = (
				35C4337329F3DACE0048D4E0 /* Debug */,
				35C4337429F3DACE0048D4E0 /* Release */,
			);
			defaultConfigurationIsVisible = 0;
			defaultConfigurationName = Release;
		};
		35C4337529F3DACE0048D4E0 /* Build configuration list for PBXNativeTarget "Tinkoff Solution Cup" */ = {
			isa = XCConfigurationList;
			buildConfigurations = (
				35C4337629F3DACE0048D4E0 /* Debug */,
				35C4337729F3DACE0048D4E0 /* Release */,
			);
			defaultConfigurationIsVisible = 0;
			defaultConfigurationName = Release;
		};
		35C4337829F3DACE0048D4E0 /* Build configuration list for PBXNativeTarget "Tinkoff Solution CupTests" */ = {
			isa = XCConfigurationList;
			buildConfigurations = (
				35C4337929F3DACE0048D4E0 /* Debug */,
				35C4337A29F3DACE0048D4E0 /* Release */,
			);
			defaultConfigurationIsVisible = 0;
			defaultConfigurationName = Release;
		};
/* End XCConfigurationList section */
	};
	rootObject = 35C4335829F3DACE0048D4E0 /* Project object */;
}
